// !$*UTF8*$!
{
	archiveVersion = 1;
	classes = {
	};
	objectVersion = 46;
	objects = {

/* Begin PBXBuildFile section */
		D107A9311D9616E200E7D74A /* NewsInformation.swift in Sources */ = {isa = PBXBuildFile; fileRef = D107A9301D9616E200E7D74A /* NewsInformation.swift */; };
		D11B68AB1DA5EC22006EDB6B /* APIClient.swift in Sources */ = {isa = PBXBuildFile; fileRef = D11B68AA1DA5EC22006EDB6B /* APIClient.swift */; };
		D16715301D8A23E700EF68D1 /* HomeViewController.swift in Sources */ = {isa = PBXBuildFile; fileRef = D167152F1D8A23E700EF68D1 /* HomeViewController.swift */; };
		D1ABEB401DAD6D3E008B05EA /* NewsClient.swift in Sources */ = {isa = PBXBuildFile; fileRef = D1ABEB3F1DAD6D3E008B05EA /* NewsClient.swift */; };
		D1C6C63B1D8798870041B80D /* key-modified.jpg in Resources */ = {isa = PBXBuildFile; fileRef = D1C6C63A1D8798870041B80D /* key-modified.jpg */; };
		D1DC2EE91D517B5300921DAC /* AppDelegate.swift in Sources */ = {isa = PBXBuildFile; fileRef = D1DC2EE81D517B5300921DAC /* AppDelegate.swift */; };
		D1DC2EEB1D517B5300921DAC /* ViewController.swift in Sources */ = {isa = PBXBuildFile; fileRef = D1DC2EEA1D517B5300921DAC /* ViewController.swift */; };
		D1DC2EEE1D517B5300921DAC /* Main.storyboard in Resources */ = {isa = PBXBuildFile; fileRef = D1DC2EEC1D517B5300921DAC /* Main.storyboard */; };
		D1DC2EF01D517B5300921DAC /* Assets.xcassets in Resources */ = {isa = PBXBuildFile; fileRef = D1DC2EEF1D517B5300921DAC /* Assets.xcassets */; };
		D1DC2EF31D517B5300921DAC /* LaunchScreen.storyboard in Resources */ = {isa = PBXBuildFile; fileRef = D1DC2EF11D517B5300921DAC /* LaunchScreen.storyboard */; };
		D1DC2EFE1D517B5300921DAC /* soulmateTests.swift in Sources */ = {isa = PBXBuildFile; fileRef = D1DC2EFD1D517B5300921DAC /* soulmateTests.swift */; };
		D1DC2F091D517B5300921DAC /* soulmateUITests.swift in Sources */ = {isa = PBXBuildFile; fileRef = D1DC2F081D517B5300921DAC /* soulmateUITests.swift */; };
		D1DC2F171D52328300921DAC /* MapKit.framework in Frameworks */ = {isa = PBXBuildFile; fileRef = D1DC2F161D52328300921DAC /* MapKit.framework */; };
		D1DC2F191D52839200921DAC /* UserLocation.swift in Sources */ = {isa = PBXBuildFile; fileRef = D1DC2F181D52839200921DAC /* UserLocation.swift */; };
/* End PBXBuildFile section */

/* Begin PBXContainerItemProxy section */
		D1DC2EFA1D517B5300921DAC /* PBXContainerItemProxy */ = {
			isa = PBXContainerItemProxy;
			containerPortal = D1DC2EDD1D517B5200921DAC /* Project object */;
			proxyType = 1;
			remoteGlobalIDString = D1DC2EE41D517B5300921DAC;
			remoteInfo = soulmate;
		};
		D1DC2F051D517B5300921DAC /* PBXContainerItemProxy */ = {
			isa = PBXContainerItemProxy;
			containerPortal = D1DC2EDD1D517B5200921DAC /* Project object */;
			proxyType = 1;
			remoteGlobalIDString = D1DC2EE41D517B5300921DAC;
			remoteInfo = soulmate;
		};
/* End PBXContainerItemProxy section */

/* Begin PBXFileReference section */
		D107A9301D9616E200E7D74A /* NewsInformation.swift */ = {isa = PBXFileReference; fileEncoding = 4; lastKnownFileType = sourcecode.swift; path = NewsInformation.swift; sourceTree = "<group>"; };
		D11B68AA1DA5EC22006EDB6B /* APIClient.swift */ = {isa = PBXFileReference; fileEncoding = 4; lastKnownFileType = sourcecode.swift; path = APIClient.swift; sourceTree = "<group>"; };
		D167152F1D8A23E700EF68D1 /* HomeViewController.swift */ = {isa = PBXFileReference; fileEncoding = 4; lastKnownFileType = sourcecode.swift; path = HomeViewController.swift; sourceTree = "<group>"; };
		D1ABEB3F1DAD6D3E008B05EA /* NewsClient.swift */ = {isa = PBXFileReference; fileEncoding = 4; lastKnownFileType = sourcecode.swift; path = NewsClient.swift; sourceTree = "<group>"; };
		D1C6C63A1D8798870041B80D /* key-modified.jpg */ = {isa = PBXFileReference; lastKnownFileType = image.jpeg; path = "key-modified.jpg"; sourceTree = "<group>"; };
		D1DC2EE51D517B5300921DAC /* soulmate.app */ = {isa = PBXFileReference; explicitFileType = wrapper.application; includeInIndex = 0; path = soulmate.app; sourceTree = BUILT_PRODUCTS_DIR; };
		D1DC2EE81D517B5300921DAC /* AppDelegate.swift */ = {isa = PBXFileReference; lastKnownFileType = sourcecode.swift; path = AppDelegate.swift; sourceTree = "<group>"; };
		D1DC2EEA1D517B5300921DAC /* ViewController.swift */ = {isa = PBXFileReference; lastKnownFileType = sourcecode.swift; path = ViewController.swift; sourceTree = "<group>"; };
		D1DC2EED1D517B5300921DAC /* Base */ = {isa = PBXFileReference; lastKnownFileType = file.storyboard; name = Base; path = Base.lproj/Main.storyboard; sourceTree = "<group>"; };
		D1DC2EEF1D517B5300921DAC /* Assets.xcassets */ = {isa = PBXFileReference; lastKnownFileType = folder.assetcatalog; path = Assets.xcassets; sourceTree = "<group>"; };
		D1DC2EF21D517B5300921DAC /* Base */ = {isa = PBXFileReference; lastKnownFileType = file.storyboard; name = Base; path = Base.lproj/LaunchScreen.storyboard; sourceTree = "<group>"; };
		D1DC2EF41D517B5300921DAC /* Info.plist */ = {isa = PBXFileReference; lastKnownFileType = text.plist.xml; path = Info.plist; sourceTree = "<group>"; };
		D1DC2EF91D517B5300921DAC /* soulmateTests.xctest */ = {isa = PBXFileReference; explicitFileType = wrapper.cfbundle; includeInIndex = 0; path = soulmateTests.xctest; sourceTree = BUILT_PRODUCTS_DIR; };
		D1DC2EFD1D517B5300921DAC /* soulmateTests.swift */ = {isa = PBXFileReference; lastKnownFileType = sourcecode.swift; path = soulmateTests.swift; sourceTree = "<group>"; };
		D1DC2EFF1D517B5300921DAC /* Info.plist */ = {isa = PBXFileReference; lastKnownFileType = text.plist.xml; path = Info.plist; sourceTree = "<group>"; };
		D1DC2F041D517B5300921DAC /* soulmateUITests.xctest */ = {isa = PBXFileReference; explicitFileType = wrapper.cfbundle; includeInIndex = 0; path = soulmateUITests.xctest; sourceTree = BUILT_PRODUCTS_DIR; };
		D1DC2F081D517B5300921DAC /* soulmateUITests.swift */ = {isa = PBXFileReference; lastKnownFileType = sourcecode.swift; path = soulmateUITests.swift; sourceTree = "<group>"; };
		D1DC2F0A1D517B5300921DAC /* Info.plist */ = {isa = PBXFileReference; lastKnownFileType = text.plist.xml; path = Info.plist; sourceTree = "<group>"; };
		D1DC2F161D52328300921DAC /* MapKit.framework */ = {isa = PBXFileReference; lastKnownFileType = wrapper.framework; name = MapKit.framework; path = System/Library/Frameworks/MapKit.framework; sourceTree = SDKROOT; };
		D1DC2F181D52839200921DAC /* UserLocation.swift */ = {isa = PBXFileReference; fileEncoding = 4; lastKnownFileType = sourcecode.swift; path = UserLocation.swift; sourceTree = "<group>"; };
/* End PBXFileReference section */

/* Begin PBXFrameworksBuildPhase section */
		D1DC2EE21D517B5300921DAC /* Frameworks */ = {
			isa = PBXFrameworksBuildPhase;
			buildActionMask = 2147483647;
			files = (
				D1DC2F171D52328300921DAC /* MapKit.framework in Frameworks */,
			);
			runOnlyForDeploymentPostprocessing = 0;
		};
		D1DC2EF61D517B5300921DAC /* Frameworks */ = {
			isa = PBXFrameworksBuildPhase;
			buildActionMask = 2147483647;
			files = (
			);
			runOnlyForDeploymentPostprocessing = 0;
		};
		D1DC2F011D517B5300921DAC /* Frameworks */ = {
			isa = PBXFrameworksBuildPhase;
			buildActionMask = 2147483647;
			files = (
			);
			runOnlyForDeploymentPostprocessing = 0;
		};
/* End PBXFrameworksBuildPhase section */

/* Begin PBXGroup section */
		D19655041D945D0800F39DD0 /* model */ = {
			isa = PBXGroup;
			children = (
				D1DC2F181D52839200921DAC /* UserLocation.swift */,
				D107A9301D9616E200E7D74A /* NewsInformation.swift */,
			);
			name = model;
			sourceTree = "<group>";
		};
		D1DC2EDC1D517B5200921DAC = {
			isa = PBXGroup;
			children = (
				D1DC2F161D52328300921DAC /* MapKit.framework */,
				D1DC2EE71D517B5300921DAC /* soulmate */,
				D1DC2EFC1D517B5300921DAC /* soulmateTests */,
				D1DC2F071D517B5300921DAC /* soulmateUITests */,
				D1DC2EE61D517B5300921DAC /* Products */,
			);
			sourceTree = "<group>";
		};
		D1DC2EE61D517B5300921DAC /* Products */ = {
			isa = PBXGroup;
			children = (
				D1DC2EE51D517B5300921DAC /* soulmate.app */,
				D1DC2EF91D517B5300921DAC /* soulmateTests.xctest */,
				D1DC2F041D517B5300921DAC /* soulmateUITests.xctest */,
			);
			name = Products;
			sourceTree = "<group>";
		};
		D1DC2EE71D517B5300921DAC /* soulmate */ = {
			isa = PBXGroup;
			children = (
				D19655041D945D0800F39DD0 /* model */,
				D1DC2EE81D517B5300921DAC /* AppDelegate.swift */,
				D1DC2EEA1D517B5300921DAC /* ViewController.swift */,
				D1DC2EEC1D517B5300921DAC /* Main.storyboard */,
				D167152F1D8A23E700EF68D1 /* HomeViewController.swift */,
				D1DC2EEF1D517B5300921DAC /* Assets.xcassets */,
				D1DC2EF11D517B5300921DAC /* LaunchScreen.storyboard */,
				D1DC2EF41D517B5300921DAC /* Info.plist */,
				D1C6C63A1D8798870041B80D /* key-modified.jpg */,
				D11B68AA1DA5EC22006EDB6B /* APIClient.swift */,
				D1ABEB3F1DAD6D3E008B05EA /* NewsClient.swift */,
			);
			path = soulmate;
			sourceTree = "<group>";
		};
		D1DC2EFC1D517B5300921DAC /* soulmateTests */ = {
			isa = PBXGroup;
			children = (
				D1DC2EFD1D517B5300921DAC /* soulmateTests.swift */,
				D1DC2EFF1D517B5300921DAC /* Info.plist */,
			);
			path = soulmateTests;
			sourceTree = "<group>";
		};
		D1DC2F071D517B5300921DAC /* soulmateUITests */ = {
			isa = PBXGroup;
			children = (
				D1DC2F081D517B5300921DAC /* soulmateUITests.swift */,
				D1DC2F0A1D517B5300921DAC /* Info.plist */,
			);
			path = soulmateUITests;
			sourceTree = "<group>";
		};
/* End PBXGroup section */

/* Begin PBXNativeTarget section */
		D1DC2EE41D517B5300921DAC /* soulmate */ = {
			isa = PBXNativeTarget;
			buildConfigurationList = D1DC2F0D1D517B5300921DAC /* Build configuration list for PBXNativeTarget "soulmate" */;
			buildPhases = (
				D1DC2EE11D517B5300921DAC /* Sources */,
				D1DC2EE21D517B5300921DAC /* Frameworks */,
				D1DC2EE31D517B5300921DAC /* Resources */,
			);
			buildRules = (
			);
			dependencies = (
			);
			name = soulmate;
			productName = soulmate;
			productReference = D1DC2EE51D517B5300921DAC /* soulmate.app */;
			productType = "com.apple.product-type.application";
		};
		D1DC2EF81D517B5300921DAC /* soulmateTests */ = {
			isa = PBXNativeTarget;
			buildConfigurationList = D1DC2F101D517B5300921DAC /* Build configuration list for PBXNativeTarget "soulmateTests" */;
			buildPhases = (
				D1DC2EF51D517B5300921DAC /* Sources */,
				D1DC2EF61D517B5300921DAC /* Frameworks */,
				D1DC2EF71D517B5300921DAC /* Resources */,
			);
			buildRules = (
			);
			dependencies = (
				D1DC2EFB1D517B5300921DAC /* PBXTargetDependency */,
			);
			name = soulmateTests;
			productName = soulmateTests;
			productReference = D1DC2EF91D517B5300921DAC /* soulmateTests.xctest */;
			productType = "com.apple.product-type.bundle.unit-test";
		};
		D1DC2F031D517B5300921DAC /* soulmateUITests */ = {
			isa = PBXNativeTarget;
			buildConfigurationList = D1DC2F131D517B5300921DAC /* Build configuration list for PBXNativeTarget "soulmateUITests" */;
			buildPhases = (
				D1DC2F001D517B5300921DAC /* Sources */,
				D1DC2F011D517B5300921DAC /* Frameworks */,
				D1DC2F021D517B5300921DAC /* Resources */,
			);
			buildRules = (
			);
			dependencies = (
				D1DC2F061D517B5300921DAC /* PBXTargetDependency */,
			);
			name = soulmateUITests;
			productName = soulmateUITests;
			productReference = D1DC2F041D517B5300921DAC /* soulmateUITests.xctest */;
			productType = "com.apple.product-type.bundle.ui-testing";
		};
/* End PBXNativeTarget section */

/* Begin PBXProject section */
		D1DC2EDD1D517B5200921DAC /* Project object */ = {
			isa = PBXProject;
			attributes = {
				LastSwiftUpdateCheck = 0730;
				LastUpgradeCheck = 0730;
				ORGANIZATIONNAME = "Richard Hsu";
				TargetAttributes = {
					D1DC2EE41D517B5300921DAC = {
						CreatedOnToolsVersion = 7.3.1;
						LastSwiftMigration = 0800;
						SystemCapabilities = {
							com.apple.BackgroundModes = {
								enabled = 1;
							};
						};
					};
					D1DC2EF81D517B5300921DAC = {
						CreatedOnToolsVersion = 7.3.1;
						LastSwiftMigration = 0800;
						TestTargetID = D1DC2EE41D517B5300921DAC;
					};
					D1DC2F031D517B5300921DAC = {
						CreatedOnToolsVersion = 7.3.1;
						LastSwiftMigration = 0800;
						TestTargetID = D1DC2EE41D517B5300921DAC;
					};
				};
			};
			buildConfigurationList = D1DC2EE01D517B5200921DAC /* Build configuration list for PBXProject "soulmate" */;
			compatibilityVersion = "Xcode 3.2";
			developmentRegion = English;
			hasScannedForEncodings = 0;
			knownRegions = (
				en,
				Base,
			);
			mainGroup = D1DC2EDC1D517B5200921DAC;
			productRefGroup = D1DC2EE61D517B5300921DAC /* Products */;
			projectDirPath = "";
			projectRoot = "";
			targets = (
				D1DC2EE41D517B5300921DAC /* soulmate */,
				D1DC2EF81D517B5300921DAC /* soulmateTests */,
				D1DC2F031D517B5300921DAC /* soulmateUITests */,
			);
		};
/* End PBXProject section */

/* Begin PBXResourcesBuildPhase section */
		D1DC2EE31D517B5300921DAC /* Resources */ = {
			isa = PBXResourcesBuildPhase;
			buildActionMask = 2147483647;
			files = (
				D1DC2EF31D517B5300921DAC /* LaunchScreen.storyboard in Resources */,
				D1DC2EF01D517B5300921DAC /* Assets.xcassets in Resources */,
				D1C6C63B1D8798870041B80D /* key-modified.jpg in Resources */,
				D1DC2EEE1D517B5300921DAC /* Main.storyboard in Resources */,
			);
			runOnlyForDeploymentPostprocessing = 0;
		};
		D1DC2EF71D517B5300921DAC /* Resources */ = {
			isa = PBXResourcesBuildPhase;
			buildActionMask = 2147483647;
			files = (
			);
			runOnlyForDeploymentPostprocessing = 0;
		};
		D1DC2F021D517B5300921DAC /* Resources */ = {
			isa = PBXResourcesBuildPhase;
			buildActionMask = 2147483647;
			files = (
			);
			runOnlyForDeploymentPostprocessing = 0;
		};
/* End PBXResourcesBuildPhase section */

/* Begin PBXSourcesBuildPhase section */
		D1DC2EE11D517B5300921DAC /* Sources */ = {
			isa = PBXSourcesBuildPhase;
			buildActionMask = 2147483647;
			files = (
				D107A9311D9616E200E7D74A /* NewsInformation.swift in Sources */,
				D1ABEB401DAD6D3E008B05EA /* NewsClient.swift in Sources */,
				D1DC2F191D52839200921DAC /* UserLocation.swift in Sources */,
				D1DC2EEB1D517B5300921DAC /* ViewController.swift in Sources */,
				D1DC2EE91D517B5300921DAC /* AppDelegate.swift in Sources */,
				D16715301D8A23E700EF68D1 /* HomeViewController.swift in Sources */,
				D11B68AB1DA5EC22006EDB6B /* APIClient.swift in Sources */,
			);
			runOnlyForDeploymentPostprocessing = 0;
		};
		D1DC2EF51D517B5300921DAC /* Sources */ = {
			isa = PBXSourcesBuildPhase;
			buildActionMask = 2147483647;
			files = (
				D1DC2EFE1D517B5300921DAC /* soulmateTests.swift in Sources */,
			);
			runOnlyForDeploymentPostprocessing = 0;
		};
		D1DC2F001D517B5300921DAC /* Sources */ = {
			isa = PBXSourcesBuildPhase;
			buildActionMask = 2147483647;
			files = (
				D1DC2F091D517B5300921DAC /* soulmateUITests.swift in Sources */,
			);
			runOnlyForDeploymentPostprocessing = 0;
		};
/* End PBXSourcesBuildPhase section */

/* Begin PBXTargetDependency section */
		D1DC2EFB1D517B5300921DAC /* PBXTargetDependency */ = {
			isa = PBXTargetDependency;
			target = D1DC2EE41D517B5300921DAC /* soulmate */;
			targetProxy = D1DC2EFA1D517B5300921DAC /* PBXContainerItemProxy */;
		};
		D1DC2F061D517B5300921DAC /* PBXTargetDependency */ = {
			isa = PBXTargetDependency;
			target = D1DC2EE41D517B5300921DAC /* soulmate */;
			targetProxy = D1DC2F051D517B5300921DAC /* PBXContainerItemProxy */;
		};
/* End PBXTargetDependency section */

/* Begin PBXVariantGroup section */
		D1DC2EEC1D517B5300921DAC /* Main.storyboard */ = {
			isa = PBXVariantGroup;
			children = (
				D1DC2EED1D517B5300921DAC /* Base */,
			);
			name = Main.storyboard;
			sourceTree = "<group>";
		};
		D1DC2EF11D517B5300921DAC /* LaunchScreen.storyboard */ = {
			isa = PBXVariantGroup;
			children = (
				D1DC2EF21D517B5300921DAC /* Base */,
			);
			name = LaunchScreen.storyboard;
			sourceTree = "<group>";
		};
/* End PBXVariantGroup section */

/* Begin XCBuildConfiguration section */
		D1DC2F0B1D517B5300921DAC /* Debug */ = {
			isa = XCBuildConfiguration;
			buildSettings = {
				ALWAYS_SEARCH_USER_PATHS = NO;
				CLANG_ANALYZER_NONNULL = YES;
				CLANG_CXX_LANGUAGE_STANDARD = "gnu++0x";
				CLANG_CXX_LIBRARY = "libc++";
				CLANG_ENABLE_MODULES = YES;
				CLANG_ENABLE_OBJC_ARC = YES;
				CLANG_WARN_BOOL_CONVERSION = YES;
				CLANG_WARN_CONSTANT_CONVERSION = YES;
				CLANG_WARN_DIRECT_OBJC_ISA_USAGE = YES_ERROR;
				CLANG_WARN_EMPTY_BODY = YES;
				CLANG_WARN_ENUM_CONVERSION = YES;
				CLANG_WARN_INT_CONVERSION = YES;
				CLANG_WARN_OBJC_ROOT_CLASS = YES_ERROR;
				CLANG_WARN_UNREACHABLE_CODE = YES;
				CLANG_WARN__DUPLICATE_METHOD_MATCH = YES;
				"CODE_SIGN_IDENTITY[sdk=iphoneos*]" = "iPhone Developer";
				COPY_PHASE_STRIP = NO;
				DEBUG_INFORMATION_FORMAT = dwarf;
				ENABLE_STRICT_OBJC_MSGSEND = YES;
				ENABLE_TESTABILITY = YES;
				GCC_C_LANGUAGE_STANDARD = gnu99;
				GCC_DYNAMIC_NO_PIC = NO;
				GCC_NO_COMMON_BLOCKS = YES;
				GCC_OPTIMIZATION_LEVEL = 0;
				GCC_PREPROCESSOR_DEFINITIONS = (
					"DEBUG=1",
					"$(inherited)",
				);
				GCC_WARN_64_TO_32_BIT_CONVERSION = YES;
				GCC_WARN_ABOUT_RETURN_TYPE = YES_ERROR;
				GCC_WARN_UNDECLARED_SELECTOR = YES;
				GCC_WARN_UNINITIALIZED_AUTOS = YES_AGGRESSIVE;
				GCC_WARN_UNUSED_FUNCTION = YES;
				GCC_WARN_UNUSED_VARIABLE = YES;
				IPHONEOS_DEPLOYMENT_TARGET = 9.3;
				MTL_ENABLE_DEBUG_INFO = YES;
				ONLY_ACTIVE_ARCH = YES;
				SDKROOT = iphoneos;
				SWIFT_OPTIMIZATION_LEVEL = "-Onone";
				TARGETED_DEVICE_FAMILY = "1,2";
			};
			name = Debug;
		};
		D1DC2F0C1D517B5300921DAC /* Release */ = {
			isa = XCBuildConfiguration;
			buildSettings = {
				ALWAYS_SEARCH_USER_PATHS = NO;
				CLANG_ANALYZER_NONNULL = YES;
				CLANG_CXX_LANGUAGE_STANDARD = "gnu++0x";
				CLANG_CXX_LIBRARY = "libc++";
				CLANG_ENABLE_MODULES = YES;
				CLANG_ENABLE_OBJC_ARC = YES;
				CLANG_WARN_BOOL_CONVERSION = YES;
				CLANG_WARN_CONSTANT_CONVERSION = YES;
				CLANG_WARN_DIRECT_OBJC_ISA_USAGE = YES_ERROR;
				CLANG_WARN_EMPTY_BODY = YES;
				CLANG_WARN_ENUM_CONVERSION = YES;
				CLANG_WARN_INT_CONVERSION = YES;
				CLANG_WARN_OBJC_ROOT_CLASS = YES_ERROR;
				CLANG_WARN_UNREACHABLE_CODE = YES;
				CLANG_WARN__DUPLICATE_METHOD_MATCH = YES;
				"CODE_SIGN_IDENTITY[sdk=iphoneos*]" = "iPhone Developer";
				COPY_PHASE_STRIP = NO;
				DEBUG_INFORMATION_FORMAT = "dwarf-with-dsym";
				ENABLE_NS_ASSERTIONS = NO;
				ENABLE_STRICT_OBJC_MSGSEND = YES;
				GCC_C_LANGUAGE_STANDARD = gnu99;
				GCC_NO_COMMON_BLOCKS = YES;
				GCC_WARN_64_TO_32_BIT_CONVERSION = YES;
				GCC_WARN_ABOUT_RETURN_TYPE = YES_ERROR;
				GCC_WARN_UNDECLARED_SELECTOR = YES;
				GCC_WARN_UNINITIALIZED_AUTOS = YES_AGGRESSIVE;
				GCC_WARN_UNUSED_FUNCTION = YES;
				GCC_WARN_UNUSED_VARIABLE = YES;
				IPHONEOS_DEPLOYMENT_TARGET = 9.3;
				MTL_ENABLE_DEBUG_INFO = NO;
				SDKROOT = iphoneos;
				TARGETED_DEVICE_FAMILY = "1,2";
				VALIDATE_PRODUCT = YES;
			};
			name = Release;
		};
		D1DC2F0E1D517B5300921DAC /* Debug */ = {
			isa = XCBuildConfiguration;
			buildSettings = {
				ASSETCATALOG_COMPILER_APPICON_NAME = AppIcon;
				INFOPLIST_FILE = soulmate/Info.plist;
				LD_RUNPATH_SEARCH_PATHS = "$(inherited) @executable_path/Frameworks";
				PRODUCT_BUNDLE_IDENTIFIER = GW.soulmate;
				PRODUCT_NAME = "$(TARGET_NAME)";
				SWIFT_VERSION = 2.3;
			};
			name = Debug;
		};
		D1DC2F0F1D517B5300921DAC /* Release */ = {
			isa = XCBuildConfiguration;
			buildSettings = {
				ASSETCATALOG_COMPILER_APPICON_NAME = AppIcon;
				INFOPLIST_FILE = soulmate/Info.plist;
				LD_RUNPATH_SEARCH_PATHS = "$(inherited) @executable_path/Frameworks";
				PRODUCT_BUNDLE_IDENTIFIER = GW.soulmate;
				PRODUCT_NAME = "$(TARGET_NAME)";
				SWIFT_VERSION = 2.3;
			};
			name = Release;
		};
		D1DC2F111D517B5300921DAC /* Debug */ = {
			isa = XCBuildConfiguration;
			buildSettings = {
				BUNDLE_LOADER = "$(TEST_HOST)";
				INFOPLIST_FILE = soulmateTests/Info.plist;
				LD_RUNPATH_SEARCH_PATHS = "$(inherited) @executable_path/Frameworks @loader_path/Frameworks";
				PRODUCT_BUNDLE_IDENTIFIER = GW.soulmateTests;
				PRODUCT_NAME = "$(TARGET_NAME)";
				SWIFT_VERSION = 2.3;
				TEST_HOST = "$(BUILT_PRODUCTS_DIR)/soulmate.app/soulmate";
			};
			name = Debug;
		};
		D1DC2F121D517B5300921DAC /* Release */ = {
			isa = XCBuildConfiguration;
			buildSettings = {
				BUNDLE_LOADER = "$(TEST_HOST)";
				INFOPLIST_FILE = soulmateTests/Info.plist;
				LD_RUNPATH_SEARCH_PATHS = "$(inherited) @executable_path/Frameworks @loader_path/Frameworks";
				PRODUCT_BUNDLE_IDENTIFIER = GW.soulmateTests;
				PRODUCT_NAME = "$(TARGET_NAME)";
				SWIFT_VERSION = 2.3;
				TEST_HOST = "$(BUILT_PRODUCTS_DIR)/soulmate.app/soulmate";
			};
			name = Release;
		};
		D1DC2F141D517B5300921DAC /* Debug */ = {
			isa = XCBuildConfiguration;
			buildSettings = {
				INFOPLIST_FILE = soulmateUITests/Info.plist;
				LD_RUNPATH_SEARCH_PATHS = "$(inherited) @executable_path/Frameworks @loader_path/Frameworks";
				PRODUCT_BUNDLE_IDENTIFIER = GW.soulmateUITests;
				PRODUCT_NAME = "$(TARGET_NAME)";
				SWIFT_VERSION = 2.3;
				TEST_TARGET_NAME = soulmate;
			};
			name = Debug;
		};
		D1DC2F151D517B5300921DAC /* Release */ = {
			isa = XCBuildConfiguration;
			buildSettings = {
				INFOPLIST_FILE = soulmateUITests/Info.plist;
				LD_RUNPATH_SEARCH_PATHS = "$(inherited) @executable_path/Frameworks @loader_path/Frameworks";
				PRODUCT_BUNDLE_IDENTIFIER = GW.soulmateUITests;
				PRODUCT_NAME = "$(TARGET_NAME)";
				SWIFT_VERSION = 2.3;
				TEST_TARGET_NAME = soulmate;
			};
			name = Release;
		};
/* End XCBuildConfiguration section */

/* Begin XCConfigurationList section */
		D1DC2EE01D517B5200921DAC /* Build configuration list for PBXProject "soulmate" */ = {
			isa = XCConfigurationList;
			buildConfigurations = (
				D1DC2F0B1D517B5300921DAC /* Debug */,
				D1DC2F0C1D517B5300921DAC /* Release */,
			);
			defaultConfigurationIsVisible = 0;
			defaultConfigurationName = Release;
		};
		D1DC2F0D1D517B5300921DAC /* Build configuration list for PBXNativeTarget "soulmate" */ = {
			isa = XCConfigurationList;
			buildConfigurations = (
				D1DC2F0E1D517B5300921DAC /* Debug */,
				D1DC2F0F1D517B5300921DAC /* Release */,
			);
			defaultConfigurationIsVisible = 0;
			defaultConfigurationName = Release;
		};
		D1DC2F101D517B5300921DAC /* Build configuration list for PBXNativeTarget "soulmateTests" */ = {
			isa = XCConfigurationList;
			buildConfigurations = (
				D1DC2F111D517B5300921DAC /* Debug */,
				D1DC2F121D517B5300921DAC /* Release */,
			);
			defaultConfigurationIsVisible = 0;
			defaultConfigurationName = Release;
		};
		D1DC2F131D517B5300921DAC /* Build configuration list for PBXNativeTarget "soulmateUITests" */ = {
			isa = XCConfigurationList;
			buildConfigurations = (
				D1DC2F141D517B5300921DAC /* Debug */,
				D1DC2F151D517B5300921DAC /* Release */,
			);
			defaultConfigurationIsVisible = 0;
			defaultConfigurationName = Release;
		};
/* End XCConfigurationList section */
	};
	rootObject = D1DC2EDD1D517B5200921DAC /* Project object */;
}
